
Microsoft Visual Studio Solution File, Format Version 12.00
# Visual Studio Version 17
VisualStudioVersion = 17.5.33103.201
MinimumVisualStudioVersion = 10.0.40219.1
Project("{FAE04EC0-301F-11D3-BF4B-00C04F79EFBC}") = "SDLauncher", "SDLauncher\SDLauncher.csproj", "{C7894B09-3221-4EFA-A56B-966BD8E20056}"
EndProject
Global
	GlobalSection(SolutionConfigurationPlatforms) = preSolution
		Debug|Any CPU = Debug|Any CPU
		Release|Any CPU = Release|Any CPU
	EndGlobalSection
	GlobalSection(ProjectConfigurationPlatforms) = postSolution
		{C7894B09-3221-4EFA-A56B-966BD8E20056}.Debug|Any CPU.ActiveCfg = Debug|Any CPU
		{C7894B09-3221-4EFA-A56B-966BD8E20056}.Debug|Any CPU.Build.0 = Debug|Any CPU
		{C7894B09-3221-4EFA-A56B-966BD8E20056}.Release|Any CPU.ActiveCfg = Release|Any CPU
		{C7894B09-3221-4EFA-A56B-966BD8E20056}.Release|Any CPU.Build.0 = Release|Any CPU
	EndGlobalSection
	GlobalSection(SolutionProperties) = preSolution
		HideSolutionNode = FALSE
	EndGlobalSection
	GlobalSection(ExtensibilityGlobals) = postSolution
		SolutionGuid = {1FE9E20A-04B9-444D-8B4E-C60701CA0AAD}
	EndGlobalSection
EndGlobal
